github.com/Luckny/go-tracer v0.0.0-20240602122051-50cb98de492a h1:MfW+RrooCwZbms9mW/a9d/+AQy5YyQb8P5YJX0Pf7Zk=
github.com/Luckny/go-tracer v0.0.0-20240602122051-50cb98de492a/go.mod h1:f01Qw8pPFlxLaguMElyHec9tpG7/gxs3aPax9qPxEOA=
github.com/gorilla/websocket v1.5.1 h1:gmztn0JnHVt9JZquRuzLw3g4wouNVzKL15iLr/zn/QY=
github.com/gorilla/websocket v1.5.1/go.mod h1:x3kM2JMyaluk02fnUJpQuwD2dCS5NDG2ZHL0uE0tcaY=
golang.org/x/net v0.25.0 h1:d/OCCoBEUq33pjydKrGQhw7IlUPI2Oylr+8qLx49kac=
golang.org/x/net v0.25.0/go.mod h1:JkAGAh7GEvH74S6FOH42FLoXpXbE/aqXSrIQjXgsiwM=
